# generated by rye
# use `rye lock` or `rye sync` to update this lockfile
#
# last locked with the following flags:
#   pre: false
#   features: []
#   all-features: false
#   with-sources: false
#   generate-hashes: false
#   universal: false

-e file:.
aiohappyeyeballs==2.4.2
    # via aiohttp
aiohttp==3.10.7
    # via langchain
aiosignal==1.3.1
    # via aiohttp
annotated-types==0.7.0
    # via pydantic
anyio==4.6.0
    # via httpx
    # via openai
    # via starlette
attrs==24.2.0
    # via aiohttp
cachetools==5.5.0
    # via google-auth
certifi==2024.8.30
    # via httpcore
    # via httpx
    # via requests
charset-normalizer==3.3.2
    # via requests
click==8.1.7
    # via nltk
    # via uvicorn
decorator==4.4.2
    # via moviepy
distro==1.9.0
    # via openai
docstring-parser==0.16
    # via google-cloud-aiplatform
fastapi==0.115.0
    # via speech-grade
frozenlist==1.4.1
    # via aiohttp
    # via aiosignal
google-ai-generativelanguage==0.6.10
    # via google-generativeai
google-api-core==2.20.0
    # via google-ai-generativelanguage
    # via google-api-python-client
    # via google-cloud-aiplatform
    # via google-cloud-bigquery
    # via google-cloud-core
    # via google-cloud-resource-manager
    # via google-cloud-storage
    # via google-generativeai
google-api-python-client==2.147.0
    # via google-generativeai
google-auth==2.35.0
    # via google-ai-generativelanguage
    # via google-api-core
    # via google-api-python-client
    # via google-auth-httplib2
    # via google-auth-oauthlib
    # via google-cloud-aiplatform
    # via google-cloud-bigquery
    # via google-cloud-core
    # via google-cloud-resource-manager
    # via google-cloud-storage
    # via google-generativeai
    # via speech-grade
google-auth-httplib2==0.2.0
    # via google-api-python-client
    # via speech-grade
google-auth-oauthlib==1.2.1
    # via speech-grade
google-cloud-aiplatform==1.68.0
    # via speech-grade
google-cloud-bigquery==3.26.0
    # via google-cloud-aiplatform
google-cloud-core==2.4.1
    # via google-cloud-bigquery
    # via google-cloud-storage
    # via speech-grade
google-cloud-resource-manager==1.12.5
    # via google-cloud-aiplatform
google-cloud-storage==2.18.2
    # via google-cloud-aiplatform
google-crc32c==1.6.0
    # via google-cloud-storage
    # via google-resumable-media
google-generativeai==0.8.2
    # via speech-grade
google-resumable-media==2.7.2
    # via google-cloud-bigquery
    # via google-cloud-storage
googleapis-common-protos==1.65.0
    # via google-api-core
    # via grpc-google-iam-v1
    # via grpcio-status
grpc-google-iam-v1==0.13.1
    # via google-cloud-resource-manager
grpcio==1.66.1
    # via google-api-core
    # via googleapis-common-protos
    # via grpc-google-iam-v1
    # via grpcio-status
grpcio-status==1.66.1
    # via google-api-core
h11==0.14.0
    # via httpcore
    # via uvicorn
httpcore==1.0.5
    # via httpx
httplib2==0.22.0
    # via google-api-python-client
    # via google-auth-httplib2
httpx==0.27.2
    # via langsmith
    # via openai
idna==3.10
    # via anyio
    # via httpx
    # via requests
    # via yarl
imageio==2.35.1
    # via moviepy
imageio-ffmpeg==0.5.1
    # via moviepy
jiter==0.5.0
    # via openai
joblib==1.4.2
    # via nltk
jsonpatch==1.33
    # via langchain-core
jsonpointer==3.0.0
    # via jsonpatch
langchain==0.3.1
    # via speech-grade
langchain-core==0.3.6
    # via langchain
    # via langchain-openai
    # via langchain-text-splitters
    # via langgraph
    # via langgraph-checkpoint
langchain-openai==0.2.1
    # via speech-grade
langchain-text-splitters==0.3.0
    # via langchain
langgraph==0.2.28
    # via speech-grade
langgraph-checkpoint==1.0.12
    # via langgraph
langsmith==0.1.129
    # via langchain
    # via langchain-core
more-itertools==10.5.0
    # via speech-grade
moviepy==1.0.3
    # via speech-grade
msgpack==1.1.0
    # via langgraph-checkpoint
multidict==6.1.0
    # via aiohttp
    # via yarl
nltk==3.9.1
    # via py-readability-metrics
numpy==1.26.4
    # via imageio
    # via langchain
    # via moviepy
    # via opencv-python
    # via shapely
oauthlib==3.2.2
    # via requests-oauthlib
openai==1.50.2
    # via langchain-openai
    # via speech-grade
opencv-python==4.10.0.84
    # via speech-grade
orjson==3.10.7
    # via langsmith
packaging==24.1
    # via google-cloud-aiplatform
    # via google-cloud-bigquery
    # via langchain-core
pillow==10.4.0
    # via imageio
proglog==0.1.10
    # via moviepy
proto-plus==1.24.0
    # via google-ai-generativelanguage
    # via google-api-core
    # via google-cloud-aiplatform
    # via google-cloud-resource-manager
protobuf==5.28.2
    # via google-ai-generativelanguage
    # via google-api-core
    # via google-cloud-aiplatform
    # via google-cloud-resource-manager
    # via google-generativeai
    # via googleapis-common-protos
    # via grpc-google-iam-v1
    # via grpcio-status
    # via proto-plus
py-readability-metrics==1.4.5
    # via speech-grade
pyasn1==0.6.1
    # via pyasn1-modules
    # via rsa
pyasn1-modules==0.4.1
    # via google-auth
pydantic==2.9.2
    # via fastapi
    # via google-cloud-aiplatform
    # via google-generativeai
    # via langchain
    # via langchain-core
    # via langsmith
    # via openai
pydantic-core==2.23.4
    # via pydantic
pydub==0.25.1
    # via speech-grade
pyparsing==3.1.4
    # via httplib2
python-dateutil==2.9.0.post0
    # via google-cloud-bigquery
python-dotenv==1.0.1
    # via speech-grade
python-multipart==0.0.11
    # via speech-grade
pyyaml==6.0.2
    # via langchain
    # via langchain-core
regex==2024.9.11
    # via nltk
    # via tiktoken
requests==2.32.3
    # via google-api-core
    # via google-cloud-bigquery
    # via google-cloud-storage
    # via langchain
    # via langsmith
    # via moviepy
    # via requests-oauthlib
    # via tiktoken
requests-oauthlib==2.0.0
    # via google-auth-oauthlib
rsa==4.9
    # via google-auth
setuptools==75.1.0
    # via imageio-ffmpeg
shapely==2.0.6
    # via google-cloud-aiplatform
six==1.16.0
    # via python-dateutil
sniffio==1.3.1
    # via anyio
    # via httpx
    # via openai
sqlalchemy==2.0.35
    # via langchain
starlette==0.38.6
    # via fastapi
tenacity==8.5.0
    # via langchain
    # via langchain-core
tiktoken==0.7.0
    # via langchain-openai
tqdm==4.66.5
    # via google-generativeai
    # via moviepy
    # via nltk
    # via openai
    # via proglog
typing-extensions==4.12.2
    # via fastapi
    # via google-generativeai
    # via langchain-core
    # via openai
    # via pydantic
    # via pydantic-core
    # via sqlalchemy
uritemplate==4.1.1
    # via google-api-python-client
urllib3==2.2.3
    # via requests
uvicorn==0.31.0
    # via speech-grade
yarl==1.13.1
    # via aiohttp
